# This file is automatically @generated by Cargo.
# It is not intended for manual editing.
version = 4

[[package]]
name = "actix-cors"
version = "0.6.5"
source = "registry+https://github.com/rust-lang/crates.io-index"
checksum = "0346d8c96d0c78b72879f6b5a0ec37226714ea4376ab0b5e43b9796dd59b74bbcc"
dependencies = [
 "actix-web",
 "actix-utils",
 "derive_more",
 "futures-util",
 "log",
 "once_cell",
 "smallvec",
]

[[package]]
name = "actix-web"
version = "4.9.0"
source = "registry+https://github.com/rust-lang/crates.io-index"
checksum = "9181e0d2f3b84b7ade4a2e5e3e6d2f93734a38d7c2a72b4c7b1d8c9a9a0e22b9"
dependencies = [
 "actix-codec",
 "actix-http",
 "actix-macros",
 "actix-router",
 "actix-rt",
 "actix-server",
 "actix-service",
 "actix-utils",
 "actix-web-codegen",
 "ahash",
 "bytes",
 "bytestring",
 "cfg-if",
 "cookie",
 "derive_more",
 "encoding_rs",
 "futures-core",
 "futures-util",
 "http",
 "httparse",
 "itertools",
 "language-tags",
 "local-channel",
 "mime",
 "once_cell",
 "percent-encoding",
 "pin-project-lite",
 "rand",
 "regex",
 "serde",
 "serde_json",
 "serde_urlencoded",
 "smallvec",
 "socket2",
 "time",
 "url",
]

[[package]]
name = "app"
version = "0.1.0"
dependencies = [
 "actix-cors",
 "actix-web",
 "chrono",
 "serde",
 "serde_json",
 "sqlx",
 "tokio",
 "uuid",
]
